// !$*UTF8*$!
{
	archiveVersion = 1;
	classes = {
	};
	objectVersion = 55;
	objects = {

/* Begin PBXBuildFile section */
		6EB5DF462B065C2F0046DD3F /* AppDelegate.swift in Sources */ = {isa = PBXBuildFile; fileRef = 6EB5DF452B065C2F0046DD3F /* AppDelegate.swift */; };
		6EB5DF4A2B065C2F0046DD3F /* TransactionsVC.swift in Sources */ = {isa = PBXBuildFile; fileRef = 6EB5DF492B065C2F0046DD3F /* TransactionsVC.swift */; };
		6EB5DF4F2B065C350046DD3F /* Assets.xcassets in Resources */ = {isa = PBXBuildFile; fileRef = 6EB5DF4E2B065C350046DD3F /* Assets.xcassets */; };
		6EB5DF522B065C350046DD3F /* LaunchScreen.storyboard in Resources */ = {isa = PBXBuildFile; fileRef = 6EB5DF502B065C350046DD3F /* LaunchScreen.storyboard */; };
		6EB5DF5D2B06600C0046DD3F /* MainTC.swift in Sources */ = {isa = PBXBuildFile; fileRef = 6EB5DF5C2B06600C0046DD3F /* MainTC.swift */; };
		6EB5DF6C2B0661AD0046DD3F /* BaseVC.swift in Sources */ = {isa = PBXBuildFile; fileRef = 6EB5DF5F2B0661AD0046DD3F /* BaseVC.swift */; };
		6EB5DF6D2B0661AD0046DD3F /* BaseNC.swift in Sources */ = {isa = PBXBuildFile; fileRef = 6EB5DF602B0661AD0046DD3F /* BaseNC.swift */; };
		6EB5DF6E2B0661AD0046DD3F /* BaseVM.swift in Sources */ = {isa = PBXBuildFile; fileRef = 6EB5DF612B0661AD0046DD3F /* BaseVM.swift */; };
		6EB5DF6F2B0661AD0046DD3F /* BaseMainVC.swift in Sources */ = {isa = PBXBuildFile; fileRef = 6EB5DF622B0661AD0046DD3F /* BaseMainVC.swift */; };
		6EB5DF702B0661AD0046DD3F /* BaseView.swift in Sources */ = {isa = PBXBuildFile; fileRef = 6EB5DF632B0661AD0046DD3F /* BaseView.swift */; };
		6EB5DF712B0661AD0046DD3F /* Extension+Double.swift in Sources */ = {isa = PBXBuildFile; fileRef = 6EB5DF652B0661AD0046DD3F /* Extension+Double.swift */; };
		6EB5DF722B0661AD0046DD3F /* Extension+UIViewController.swift in Sources */ = {isa = PBXBuildFile; fileRef = 6EB5DF662B0661AD0046DD3F /* Extension+UIViewController.swift */; };
		6EB5DF732B0661AD0046DD3F /* Extension+Codable.swift in Sources */ = {isa = PBXBuildFile; fileRef = 6EB5DF672B0661AD0046DD3F /* Extension+Codable.swift */; };
		6EB5DF742B0661AD0046DD3F /* Extension+UIColor.swift in Sources */ = {isa = PBXBuildFile; fileRef = 6EB5DF682B0661AD0046DD3F /* Extension+UIColor.swift */; };
		6EB5DF752B0661AD0046DD3F /* Extension+Int.swift in Sources */ = {isa = PBXBuildFile; fileRef = 6EB5DF692B0661AD0046DD3F /* Extension+Int.swift */; };
		6EB5DF762B0661AD0046DD3F /* Extension+UIView.swift in Sources */ = {isa = PBXBuildFile; fileRef = 6EB5DF6A2B0661AD0046DD3F /* Extension+UIView.swift */; };
		6EB5DF772B0661AD0046DD3F /* Extension+UIStackView.swift in Sources */ = {isa = PBXBuildFile; fileRef = 6EB5DF6B2B0661AD0046DD3F /* Extension+UIStackView.swift */; };
		6EB5DF7C2B0665020046DD3F /* delightlabs-ios-hometest-mockdata.json in Resources */ = {isa = PBXBuildFile; fileRef = 6EB5DF7B2B0665020046DD3F /* delightlabs-ios-hometest-mockdata.json */; };
		6EB5DF7F2B06690F0046DD3F /* TransactionsView.swift in Sources */ = {isa = PBXBuildFile; fileRef = 6EB5DF7E2B06690F0046DD3F /* TransactionsView.swift */; };
		6EB5DF812B0669150046DD3F /* TransactionsVM.swift in Sources */ = {isa = PBXBuildFile; fileRef = 6EB5DF802B0669150046DD3F /* TransactionsVM.swift */; };
		6EB5DF852B066F610046DD3F /* ChartView.swift in Sources */ = {isa = PBXBuildFile; fileRef = 6EB5DF842B066F610046DD3F /* ChartView.swift */; };
		6EB5DF872B066F6E0046DD3F /* ListView.swift in Sources */ = {isa = PBXBuildFile; fileRef = 6EB5DF862B066F6E0046DD3F /* ListView.swift */; };
		6EB5DF892B06BAF50046DD3F /* TransactionsCell.swift in Sources */ = {isa = PBXBuildFile; fileRef = 6EB5DF882B06BAF50046DD3F /* TransactionsCell.swift */; };
		6EB5DF8B2B06BEC20046DD3F /* JsonLoader.swift in Sources */ = {isa = PBXBuildFile; fileRef = 6EB5DF8A2B06BEC20046DD3F /* JsonLoader.swift */; };
		6EB5DF8D2B06C09B0046DD3F /* TransactionsModel.swift in Sources */ = {isa = PBXBuildFile; fileRef = 6EB5DF8C2B06C09B0046DD3F /* TransactionsModel.swift */; };
		6EB5DF902B06C1350046DD3F /* TransactionsDto.swift in Sources */ = {isa = PBXBuildFile; fileRef = 6EB5DF8F2B06C1350046DD3F /* TransactionsDto.swift */; };
		6EB5DF922B06CE070046DD3F /* Extension+Array.swift in Sources */ = {isa = PBXBuildFile; fileRef = 6EB5DF912B06CE070046DD3F /* Extension+Array.swift */; };
		6EB5DF942B06D7990046DD3F /* Extension+String.swift in Sources */ = {isa = PBXBuildFile; fileRef = 6EB5DF932B06D7990046DD3F /* Extension+String.swift */; };
		859D68EF4C7D2E8A33E4EF10 /* Pods_DELIGHT_LABS.framework in Frameworks */ = {isa = PBXBuildFile; fileRef = E865BC0FD4E09C9F7EFB1D57 /* Pods_DELIGHT_LABS.framework */; };
/* End PBXBuildFile section */

/* Begin PBXFileReference section */
		373861F7A8008F3A65896C98 /* Pods-DELIGHT LABS.debug.xcconfig */ = {isa = PBXFileReference; includeInIndex = 1; lastKnownFileType = text.xcconfig; name = "Pods-DELIGHT LABS.debug.xcconfig"; path = "Target Support Files/Pods-DELIGHT LABS/Pods-DELIGHT LABS.debug.xcconfig"; sourceTree = "<group>"; };
		4377F6B9A1081D462C4D8C7A /* Pods-DELIGHT LABS.release.xcconfig */ = {isa = PBXFileReference; includeInIndex = 1; lastKnownFileType = text.xcconfig; name = "Pods-DELIGHT LABS.release.xcconfig"; path = "Target Support Files/Pods-DELIGHT LABS/Pods-DELIGHT LABS.release.xcconfig"; sourceTree = "<group>"; };
		6EB5DF422B065C2F0046DD3F /* DELIGHT LABS.app */ = {isa = PBXFileReference; explicitFileType = wrapper.application; includeInIndex = 0; path = "DELIGHT LABS.app"; sourceTree = BUILT_PRODUCTS_DIR; };
		6EB5DF452B065C2F0046DD3F /* AppDelegate.swift */ = {isa = PBXFileReference; lastKnownFileType = sourcecode.swift; path = AppDelegate.swift; sourceTree = "<group>"; };
		6EB5DF492B065C2F0046DD3F /* TransactionsVC.swift */ = {isa = PBXFileReference; lastKnownFileType = sourcecode.swift; path = TransactionsVC.swift; sourceTree = "<group>"; };
		6EB5DF4E2B065C350046DD3F /* Assets.xcassets */ = {isa = PBXFileReference; lastKnownFileType = folder.assetcatalog; path = Assets.xcassets; sourceTree = "<group>"; };
		6EB5DF512B065C350046DD3F /* Base */ = {isa = PBXFileReference; lastKnownFileType = file.storyboard; name = Base; path = Base.lproj/LaunchScreen.storyboard; sourceTree = "<group>"; };
		6EB5DF532B065C350046DD3F /* Info.plist */ = {isa = PBXFileReference; lastKnownFileType = text.plist.xml; path = Info.plist; sourceTree = "<group>"; };
		6EB5DF5C2B06600C0046DD3F /* MainTC.swift */ = {isa = PBXFileReference; lastKnownFileType = sourcecode.swift; path = MainTC.swift; sourceTree = "<group>"; };
		6EB5DF5F2B0661AD0046DD3F /* BaseVC.swift */ = {isa = PBXFileReference; fileEncoding = 4; lastKnownFileType = sourcecode.swift; path = BaseVC.swift; sourceTree = "<group>"; };
		6EB5DF602B0661AD0046DD3F /* BaseNC.swift */ = {isa = PBXFileReference; fileEncoding = 4; lastKnownFileType = sourcecode.swift; path = BaseNC.swift; sourceTree = "<group>"; };
		6EB5DF612B0661AD0046DD3F /* BaseVM.swift */ = {isa = PBXFileReference; fileEncoding = 4; lastKnownFileType = sourcecode.swift; path = BaseVM.swift; sourceTree = "<group>"; };
		6EB5DF622B0661AD0046DD3F /* BaseMainVC.swift */ = {isa = PBXFileReference; fileEncoding = 4; lastKnownFileType = sourcecode.swift; path = BaseMainVC.swift; sourceTree = "<group>"; };
		6EB5DF632B0661AD0046DD3F /* BaseView.swift */ = {isa = PBXFileReference; fileEncoding = 4; lastKnownFileType = sourcecode.swift; path = BaseView.swift; sourceTree = "<group>"; };
		6EB5DF652B0661AD0046DD3F /* Extension+Double.swift */ = {isa = PBXFileReference; fileEncoding = 4; lastKnownFileType = sourcecode.swift; path = "Extension+Double.swift"; sourceTree = "<group>"; };
		6EB5DF662B0661AD0046DD3F /* Extension+UIViewController.swift */ = {isa = PBXFileReference; fileEncoding = 4; lastKnownFileType = sourcecode.swift; path = "Extension+UIViewController.swift"; sourceTree = "<group>"; };
		6EB5DF672B0661AD0046DD3F /* Extension+Codable.swift */ = {isa = PBXFileReference; fileEncoding = 4; lastKnownFileType = sourcecode.swift; path = "Extension+Codable.swift"; sourceTree = "<group>"; };
		6EB5DF682B0661AD0046DD3F /* Extension+UIColor.swift */ = {isa = PBXFileReference; fileEncoding = 4; lastKnownFileType = sourcecode.swift; path = "Extension+UIColor.swift"; sourceTree = "<group>"; };
		6EB5DF692B0661AD0046DD3F /* Extension+Int.swift */ = {isa = PBXFileReference; fileEncoding = 4; lastKnownFileType = sourcecode.swift; path = "Extension+Int.swift"; sourceTree = "<group>"; };
		6EB5DF6A2B0661AD0046DD3F /* Extension+UIView.swift */ = {isa = PBXFileReference; fileEncoding = 4; lastKnownFileType = sourcecode.swift; path = "Extension+UIView.swift"; sourceTree = "<group>"; };
		6EB5DF6B2B0661AD0046DD3F /* Extension+UIStackView.swift */ = {isa = PBXFileReference; fileEncoding = 4; lastKnownFileType = sourcecode.swift; path = "Extension+UIStackView.swift"; sourceTree = "<group>"; };
		6EB5DF7B2B0665020046DD3F /* delightlabs-ios-hometest-mockdata.json */ = {isa = PBXFileReference; fileEncoding = 4; lastKnownFileType = text.json; path = "delightlabs-ios-hometest-mockdata.json"; sourceTree = "<group>"; };
		6EB5DF7E2B06690F0046DD3F /* TransactionsView.swift */ = {isa = PBXFileReference; lastKnownFileType = sourcecode.swift; path = TransactionsView.swift; sourceTree = "<group>"; };
		6EB5DF802B0669150046DD3F /* TransactionsVM.swift */ = {isa = PBXFileReference; lastKnownFileType = sourcecode.swift; path = TransactionsVM.swift; sourceTree = "<group>"; };
		6EB5DF842B066F610046DD3F /* ChartView.swift */ = {isa = PBXFileReference; lastKnownFileType = sourcecode.swift; path = ChartView.swift; sourceTree = "<group>"; };
		6EB5DF862B066F6E0046DD3F /* ListView.swift */ = {isa = PBXFileReference; lastKnownFileType = sourcecode.swift; path = ListView.swift; sourceTree = "<group>"; };
		6EB5DF882B06BAF50046DD3F /* TransactionsCell.swift */ = {isa = PBXFileReference; lastKnownFileType = sourcecode.swift; path = TransactionsCell.swift; sourceTree = "<group>"; };
		6EB5DF8A2B06BEC20046DD3F /* JsonLoader.swift */ = {isa = PBXFileReference; lastKnownFileType = sourcecode.swift; path = JsonLoader.swift; sourceTree = "<group>"; };
		6EB5DF8C2B06C09B0046DD3F /* TransactionsModel.swift */ = {isa = PBXFileReference; lastKnownFileType = sourcecode.swift; path = TransactionsModel.swift; sourceTree = "<group>"; };
		6EB5DF8F2B06C1350046DD3F /* TransactionsDto.swift */ = {isa = PBXFileReference; lastKnownFileType = sourcecode.swift; path = TransactionsDto.swift; sourceTree = "<group>"; };
		6EB5DF912B06CE070046DD3F /* Extension+Array.swift */ = {isa = PBXFileReference; lastKnownFileType = sourcecode.swift; path = "Extension+Array.swift"; sourceTree = "<group>"; };
		6EB5DF932B06D7990046DD3F /* Extension+String.swift */ = {isa = PBXFileReference; lastKnownFileType = sourcecode.swift; path = "Extension+String.swift"; sourceTree = "<group>"; };
		E865BC0FD4E09C9F7EFB1D57 /* Pods_DELIGHT_LABS.framework */ = {isa = PBXFileReference; explicitFileType = wrapper.framework; includeInIndex = 0; path = Pods_DELIGHT_LABS.framework; sourceTree = BUILT_PRODUCTS_DIR; };
/* End PBXFileReference section */

/* Begin PBXFrameworksBuildPhase section */
		6EB5DF3F2B065C2F0046DD3F /* Frameworks */ = {
			isa = PBXFrameworksBuildPhase;
			buildActionMask = 2147483647;
			files = (
				859D68EF4C7D2E8A33E4EF10 /* Pods_DELIGHT_LABS.framework in Frameworks */,
			);
			runOnlyForDeploymentPostprocessing = 0;
		};
/* End PBXFrameworksBuildPhase section */

/* Begin PBXGroup section */
		4D34391023101B52CC384DE2 /* Pods */ = {
			isa = PBXGroup;
			children = (
				373861F7A8008F3A65896C98 /* Pods-DELIGHT LABS.debug.xcconfig */,
				4377F6B9A1081D462C4D8C7A /* Pods-DELIGHT LABS.release.xcconfig */,
			);
			path = Pods;
			sourceTree = "<group>";
		};
		6EB5DF392B065C2F0046DD3F = {
			isa = PBXGroup;
			children = (
				6EB5DF442B065C2F0046DD3F /* DELIGHT LABS */,
				6EB5DF432B065C2F0046DD3F /* Products */,
				4D34391023101B52CC384DE2 /* Pods */,
				8FADC9934DC33B251E9E7238 /* Frameworks */,
			);
			sourceTree = "<group>";
		};
		6EB5DF432B065C2F0046DD3F /* Products */ = {
			isa = PBXGroup;
			children = (
				6EB5DF422B065C2F0046DD3F /* DELIGHT LABS.app */,
			);
			name = Products;
			sourceTree = "<group>";
		};
		6EB5DF442B065C2F0046DD3F /* DELIGHT LABS */ = {
			isa = PBXGroup;
			children = (
				6EB5DF592B065F950046DD3F /* App */,
				6EB5DF5E2B0661AD0046DD3F /* Base */,
				6EB5DF642B0661AD0046DD3F /* Extension */,
				6EB5DF8E2B06C1100046DD3F /* Entity */,
				6EB5DF7D2B0665BB0046DD3F /* Util */,
				6EB5DF5A2B065FF60046DD3F /* Presentation */,
				6EB5DF4E2B065C350046DD3F /* Assets.xcassets */,
				6EB5DF502B065C350046DD3F /* LaunchScreen.storyboard */,
				6EB5DF532B065C350046DD3F /* Info.plist */,
			);
			path = "DELIGHT LABS";
			sourceTree = "<group>";
		};
		6EB5DF592B065F950046DD3F /* App */ = {
			isa = PBXGroup;
			children = (
				6EB5DF452B065C2F0046DD3F /* AppDelegate.swift */,
			);
			path = App;
			sourceTree = "<group>";
		};
		6EB5DF5A2B065FF60046DD3F /* Presentation */ = {
			isa = PBXGroup;
			children = (
				6EB5DF792B06645B0046DD3F /* Model */,
				6EB5DF5B2B065FFA0046DD3F /* Main */,
				6EB5DF782B06644D0046DD3F /* Transactions */,
			);
			path = Presentation;
			sourceTree = "<group>";
		};
		6EB5DF5B2B065FFA0046DD3F /* Main */ = {
			isa = PBXGroup;
			children = (
				6EB5DF5C2B06600C0046DD3F /* MainTC.swift */,
			);
			path = Main;
			sourceTree = "<group>";
		};
		6EB5DF5E2B0661AD0046DD3F /* Base */ = {
			isa = PBXGroup;
			children = (
				6EB5DF5F2B0661AD0046DD3F /* BaseVC.swift */,
				6EB5DF602B0661AD0046DD3F /* BaseNC.swift */,
				6EB5DF612B0661AD0046DD3F /* BaseVM.swift */,
				6EB5DF622B0661AD0046DD3F /* BaseMainVC.swift */,
				6EB5DF632B0661AD0046DD3F /* BaseView.swift */,
			);
			path = Base;
			sourceTree = "<group>";
		};
		6EB5DF642B0661AD0046DD3F /* Extension */ = {
			isa = PBXGroup;
			children = (
				6EB5DF912B06CE070046DD3F /* Extension+Array.swift */,
				6EB5DF652B0661AD0046DD3F /* Extension+Double.swift */,
				6EB5DF932B06D7990046DD3F /* Extension+String.swift */,
				6EB5DF662B0661AD0046DD3F /* Extension+UIViewController.swift */,
				6EB5DF672B0661AD0046DD3F /* Extension+Codable.swift */,
				6EB5DF682B0661AD0046DD3F /* Extension+UIColor.swift */,
				6EB5DF692B0661AD0046DD3F /* Extension+Int.swift */,
				6EB5DF6A2B0661AD0046DD3F /* Extension+UIView.swift */,
				6EB5DF6B2B0661AD0046DD3F /* Extension+UIStackView.swift */,
			);
			path = Extension;
			sourceTree = "<group>";
		};
		6EB5DF782B06644D0046DD3F /* Transactions */ = {
			isa = PBXGroup;
			children = (
				6EB5DF7E2B06690F0046DD3F /* TransactionsView.swift */,
				6EB5DF492B065C2F0046DD3F /* TransactionsVC.swift */,
				6EB5DF802B0669150046DD3F /* TransactionsVM.swift */,
				6EB5DF832B066F4E0046DD3F /* Custom */,
			);
			path = Transactions;
			sourceTree = "<group>";
		};
		6EB5DF792B06645B0046DD3F /* Model */ = {
			isa = PBXGroup;
			children = (
				6EB5DF8C2B06C09B0046DD3F /* TransactionsModel.swift */,
			);
			path = Model;
			sourceTree = "<group>";
		};
		6EB5DF7A2B0664DB0046DD3F /* MockData */ = {
			isa = PBXGroup;
			children = (
				6EB5DF7B2B0665020046DD3F /* delightlabs-ios-hometest-mockdata.json */,
			);
			path = MockData;
			sourceTree = "<group>";
		};
		6EB5DF7D2B0665BB0046DD3F /* Util */ = {
			isa = PBXGroup;
			children = (
				6EB5DF8A2B06BEC20046DD3F /* JsonLoader.swift */,
			);
			path = Util;
			sourceTree = "<group>";
		};
		6EB5DF832B066F4E0046DD3F /* Custom */ = {
			isa = PBXGroup;
			children = (
				6EB5DF842B066F610046DD3F /* ChartView.swift */,
				6EB5DF862B066F6E0046DD3F /* ListView.swift */,
				6EB5DF882B06BAF50046DD3F /* TransactionsCell.swift */,
			);
			path = Custom;
			sourceTree = "<group>";
		};
		6EB5DF8E2B06C1100046DD3F /* Entity */ = {
			isa = PBXGroup;
			children = (
				6EB5DF7A2B0664DB0046DD3F /* MockData */,
				6EB5DF8F2B06C1350046DD3F /* TransactionsDto.swift */,
			);
			path = Entity;
			sourceTree = "<group>";
		};
		8FADC9934DC33B251E9E7238 /* Frameworks */ = {
			isa = PBXGroup;
			children = (
				E865BC0FD4E09C9F7EFB1D57 /* Pods_DELIGHT_LABS.framework */,
			);
			name = Frameworks;
			sourceTree = "<group>";
		};
/* End PBXGroup section */

/* Begin PBXNativeTarget section */
		6EB5DF412B065C2F0046DD3F /* DELIGHT LABS */ = {
			isa = PBXNativeTarget;
			buildConfigurationList = 6EB5DF562B065C350046DD3F /* Build configuration list for PBXNativeTarget "DELIGHT LABS" */;
			buildPhases = (
				AE0D8CBAC0592A09664214D1 /* [CP] Check Pods Manifest.lock */,
				6EB5DF3E2B065C2F0046DD3F /* Sources */,
				6EB5DF3F2B065C2F0046DD3F /* Frameworks */,
				6EB5DF402B065C2F0046DD3F /* Resources */,
				8E7975EF4AC72A7E27E1712E /* [CP] Embed Pods Frameworks */,
			);
			buildRules = (
			);
			dependencies = (
			);
			name = "DELIGHT LABS";
			productName = "DELIGHT LABS";
			productReference = 6EB5DF422B065C2F0046DD3F /* DELIGHT LABS.app */;
			productType = "com.apple.product-type.application";
		};
/* End PBXNativeTarget section */

/* Begin PBXProject section */
		6EB5DF3A2B065C2F0046DD3F /* Project object */ = {
			isa = PBXProject;
			attributes = {
				BuildIndependentTargetsInParallel = 1;
				LastSwiftUpdateCheck = 1430;
				LastUpgradeCheck = 1430;
				TargetAttributes = {
					6EB5DF412B065C2F0046DD3F = {
						CreatedOnToolsVersion = 14.3.1;
					};
				};
			};
			buildConfigurationList = 6EB5DF3D2B065C2F0046DD3F /* Build configuration list for PBXProject "DELIGHT LABS" */;
			compatibilityVersion = "Xcode 13.0";
			developmentRegion = en;
			hasScannedForEncodings = 0;
			knownRegions = (
				en,
				Base,
			);
			mainGroup = 6EB5DF392B065C2F0046DD3F;
			productRefGroup = 6EB5DF432B065C2F0046DD3F /* Products */;
			projectDirPath = "";
			projectRoot = "";
			targets = (
				6EB5DF412B065C2F0046DD3F /* DELIGHT LABS */,
			);
		};
/* End PBXProject section */

/* Begin PBXResourcesBuildPhase section */
		6EB5DF402B065C2F0046DD3F /* Resources */ = {
			isa = PBXResourcesBuildPhase;
			buildActionMask = 2147483647;
			files = (
				6EB5DF522B065C350046DD3F /* LaunchScreen.storyboard in Resources */,
				6EB5DF7C2B0665020046DD3F /* delightlabs-ios-hometest-mockdata.json in Resources */,
				6EB5DF4F2B065C350046DD3F /* Assets.xcassets in Resources */,
			);
			runOnlyForDeploymentPostprocessing = 0;
		};
/* End PBXResourcesBuildPhase section */

/* Begin PBXShellScriptBuildPhase section */
		8E7975EF4AC72A7E27E1712E /* [CP] Embed Pods Frameworks */ = {
			isa = PBXShellScriptBuildPhase;
			buildActionMask = 2147483647;
			files = (
			);
			inputFileListPaths = (
				"${PODS_ROOT}/Target Support Files/Pods-DELIGHT LABS/Pods-DELIGHT LABS-frameworks-${CONFIGURATION}-input-files.xcfilelist",
			);
			name = "[CP] Embed Pods Frameworks";
			outputFileListPaths = (
				"${PODS_ROOT}/Target Support Files/Pods-DELIGHT LABS/Pods-DELIGHT LABS-frameworks-${CONFIGURATION}-output-files.xcfilelist",
			);
			runOnlyForDeploymentPostprocessing = 0;
			shellPath = /bin/sh;
			shellScript = "\"${PODS_ROOT}/Target Support Files/Pods-DELIGHT LABS/Pods-DELIGHT LABS-frameworks.sh\"\n";
			showEnvVarsInLog = 0;
		};
		AE0D8CBAC0592A09664214D1 /* [CP] Check Pods Manifest.lock */ = {
			isa = PBXShellScriptBuildPhase;
			buildActionMask = 2147483647;
			files = (
			);
			inputFileListPaths = (
			);
			inputPaths = (
				"${PODS_PODFILE_DIR_PATH}/Podfile.lock",
				"${PODS_ROOT}/Manifest.lock",
			);
			name = "[CP] Check Pods Manifest.lock";
			outputFileListPaths = (
			);
			outputPaths = (
				"$(DERIVED_FILE_DIR)/Pods-DELIGHT LABS-checkManifestLockResult.txt",
			);
			runOnlyForDeploymentPostprocessing = 0;
			shellPath = /bin/sh;
			shellScript = "diff \"${PODS_PODFILE_DIR_PATH}/Podfile.lock\" \"${PODS_ROOT}/Manifest.lock\" > /dev/null\nif [ $? != 0 ] ; then\n    # print error to STDERR\n    echo \"error: The sandbox is not in sync with the Podfile.lock. Run 'pod install' or update your CocoaPods installation.\" >&2\n    exit 1\nfi\n# This output is used by Xcode 'outputs' to avoid re-running this script phase.\necho \"SUCCESS\" > \"${SCRIPT_OUTPUT_FILE_0}\"\n";
			showEnvVarsInLog = 0;
		};
/* End PBXShellScriptBuildPhase section */

/* Begin PBXSourcesBuildPhase section */
		6EB5DF3E2B065C2F0046DD3F /* Sources */ = {
			isa = PBXSourcesBuildPhase;
			buildActionMask = 2147483647;
			files = (
				6EB5DF762B0661AD0046DD3F /* Extension+UIView.swift in Sources */,
				6EB5DF872B066F6E0046DD3F /* ListView.swift in Sources */,
				6EB5DF8D2B06C09B0046DD3F /* TransactionsModel.swift in Sources */,
				6EB5DF902B06C1350046DD3F /* TransactionsDto.swift in Sources */,
				6EB5DF712B0661AD0046DD3F /* Extension+Double.swift in Sources */,
				6EB5DF732B0661AD0046DD3F /* Extension+Codable.swift in Sources */,
				6EB5DF772B0661AD0046DD3F /* Extension+UIStackView.swift in Sources */,
				6EB5DF922B06CE070046DD3F /* Extension+Array.swift in Sources */,
				6EB5DF4A2B065C2F0046DD3F /* TransactionsVC.swift in Sources */,
				6EB5DF852B066F610046DD3F /* ChartView.swift in Sources */,
				6EB5DF942B06D7990046DD3F /* Extension+String.swift in Sources */,
				6EB5DF8B2B06BEC20046DD3F /* JsonLoader.swift in Sources */,
				6EB5DF7F2B06690F0046DD3F /* TransactionsView.swift in Sources */,
				6EB5DF6E2B0661AD0046DD3F /* BaseVM.swift in Sources */,
				6EB5DF6D2B0661AD0046DD3F /* BaseNC.swift in Sources */,
				6EB5DF892B06BAF50046DD3F /* TransactionsCell.swift in Sources */,
				6EB5DF5D2B06600C0046DD3F /* MainTC.swift in Sources */,
				6EB5DF6F2B0661AD0046DD3F /* BaseMainVC.swift in Sources */,
				6EB5DF752B0661AD0046DD3F /* Extension+Int.swift in Sources */,
				6EB5DF462B065C2F0046DD3F /* AppDelegate.swift in Sources */,
				6EB5DF812B0669150046DD3F /* TransactionsVM.swift in Sources */,
				6EB5DF6C2B0661AD0046DD3F /* BaseVC.swift in Sources */,
				6EB5DF722B0661AD0046DD3F /* Extension+UIViewController.swift in Sources */,
				6EB5DF702B0661AD0046DD3F /* BaseView.swift in Sources */,
				6EB5DF742B0661AD0046DD3F /* Extension+UIColor.swift in Sources */,
			);
			runOnlyForDeploymentPostprocessing = 0;
		};
/* End PBXSourcesBuildPhase section */

/* Begin PBXVariantGroup section */
		6EB5DF502B065C350046DD3F /* LaunchScreen.storyboard */ = {
			isa = PBXVariantGroup;
			children = (
				6EB5DF512B065C350046DD3F /* Base */,
			);
			name = LaunchScreen.storyboard;
			sourceTree = "<group>";
		};
/* End PBXVariantGroup section */

/* Begin XCBuildConfiguration section */
		6EB5DF542B065C350046DD3F /* Debug */ = {
			isa = XCBuildConfiguration;
			buildSettings = {
				ALWAYS_SEARCH_USER_PATHS = NO;
				CLANG_ANALYZER_NONNULL = YES;
				CLANG_ANALYZER_NUMBER_OBJECT_CONVERSION = YES_AGGRESSIVE;
				CLANG_CXX_LANGUAGE_STANDARD = "gnu++20";
				CLANG_ENABLE_MODULES = YES;
				CLANG_ENABLE_OBJC_ARC = YES;
				CLANG_ENABLE_OBJC_WEAK = YES;
				CLANG_WARN_BLOCK_CAPTURE_AUTORELEASING = YES;
				CLANG_WARN_BOOL_CONVERSION = YES;
				CLANG_WARN_COMMA = YES;
				CLANG_WARN_CONSTANT_CONVERSION = YES;
				CLANG_WARN_DEPRECATED_OBJC_IMPLEMENTATIONS = YES;
				CLANG_WARN_DIRECT_OBJC_ISA_USAGE = YES_ERROR;
				CLANG_WARN_DOCUMENTATION_COMMENTS = YES;
				CLANG_WARN_EMPTY_BODY = YES;
				CLANG_WARN_ENUM_CONVERSION = YES;
				CLANG_WARN_INFINITE_RECURSION = YES;
				CLANG_WARN_INT_CONVERSION = YES;
				CLANG_WARN_NON_LITERAL_NULL_CONVERSION = YES;
				CLANG_WARN_OBJC_IMPLICIT_RETAIN_SELF = YES;
				CLANG_WARN_OBJC_LITERAL_CONVERSION = YES;
				CLANG_WARN_OBJC_ROOT_CLASS = YES_ERROR;
				CLANG_WARN_QUOTED_INCLUDE_IN_FRAMEWORK_HEADER = YES;
				CLANG_WARN_RANGE_LOOP_ANALYSIS = YES;
				CLANG_WARN_STRICT_PROTOTYPES = YES;
				CLANG_WARN_SUSPICIOUS_MOVE = YES;
				CLANG_WARN_UNGUARDED_AVAILABILITY = YES_AGGRESSIVE;
				CLANG_WARN_UNREACHABLE_CODE = YES;
				CLANG_WARN__DUPLICATE_METHOD_MATCH = YES;
				COPY_PHASE_STRIP = NO;
				DEBUG_INFORMATION_FORMAT = dwarf;
				ENABLE_STRICT_OBJC_MSGSEND = YES;
				ENABLE_TESTABILITY = YES;
				GCC_C_LANGUAGE_STANDARD = gnu11;
				GCC_DYNAMIC_NO_PIC = NO;
				GCC_NO_COMMON_BLOCKS = YES;
				GCC_OPTIMIZATION_LEVEL = 0;
				GCC_PREPROCESSOR_DEFINITIONS = (
					"DEBUG=1",
					"$(inherited)",
				);
				GCC_WARN_64_TO_32_BIT_CONVERSION = YES;
				GCC_WARN_ABOUT_RETURN_TYPE = YES_ERROR;
				GCC_WARN_UNDECLARED_SELECTOR = YES;
				GCC_WARN_UNINITIALIZED_AUTOS = YES_AGGRESSIVE;
				GCC_WARN_UNUSED_FUNCTION = YES;
				GCC_WARN_UNUSED_VARIABLE = YES;
				IPHONEOS_DEPLOYMENT_TARGET = 16.4;
				MTL_ENABLE_DEBUG_INFO = INCLUDE_SOURCE;
				MTL_FAST_MATH = YES;
				ONLY_ACTIVE_ARCH = YES;
				SDKROOT = iphoneos;
				SWIFT_ACTIVE_COMPILATION_CONDITIONS = DEBUG;
				SWIFT_OPTIMIZATION_LEVEL = "-Onone";
			};
			name = Debug;
		};
		6EB5DF552B065C350046DD3F /* Release */ = {
			isa = XCBuildConfiguration;
			buildSettings = {
				ALWAYS_SEARCH_USER_PATHS = NO;
				CLANG_ANALYZER_NONNULL = YES;
				CLANG_ANALYZER_NUMBER_OBJECT_CONVERSION = YES_AGGRESSIVE;
				CLANG_CXX_LANGUAGE_STANDARD = "gnu++20";
				CLANG_ENABLE_MODULES = YES;
				CLANG_ENABLE_OBJC_ARC = YES;
				CLANG_ENABLE_OBJC_WEAK = YES;
				CLANG_WARN_BLOCK_CAPTURE_AUTORELEASING = YES;
				CLANG_WARN_BOOL_CONVERSION = YES;
				CLANG_WARN_COMMA = YES;
				CLANG_WARN_CONSTANT_CONVERSION = YES;
				CLANG_WARN_DEPRECATED_OBJC_IMPLEMENTATIONS = YES;
				CLANG_WARN_DIRECT_OBJC_ISA_USAGE = YES_ERROR;
				CLANG_WARN_DOCUMENTATION_COMMENTS = YES;
				CLANG_WARN_EMPTY_BODY = YES;
				CLANG_WARN_ENUM_CONVERSION = YES;
				CLANG_WARN_INFINITE_RECURSION = YES;
				CLANG_WARN_INT_CONVERSION = YES;
				CLANG_WARN_NON_LITERAL_NULL_CONVERSION = YES;
				CLANG_WARN_OBJC_IMPLICIT_RETAIN_SELF = YES;
				CLANG_WARN_OBJC_LITERAL_CONVERSION = YES;
				CLANG_WARN_OBJC_ROOT_CLASS = YES_ERROR;
				CLANG_WARN_QUOTED_INCLUDE_IN_FRAMEWORK_HEADER = YES;
				CLANG_WARN_RANGE_LOOP_ANALYSIS = YES;
				CLANG_WARN_STRICT_PROTOTYPES = YES;
				CLANG_WARN_SUSPICIOUS_MOVE = YES;
				CLANG_WARN_UNGUARDED_AVAILABILITY = YES_AGGRESSIVE;
				CLANG_WARN_UNREACHABLE_CODE = YES;
				CLANG_WARN__DUPLICATE_METHOD_MATCH = YES;
				COPY_PHASE_STRIP = NO;
				DEBUG_INFORMATION_FORMAT = "dwarf-with-dsym";
				ENABLE_NS_ASSERTIONS = NO;
				ENABLE_STRICT_OBJC_MSGSEND = YES;
				GCC_C_LANGUAGE_STANDARD = gnu11;
				GCC_NO_COMMON_BLOCKS = YES;
				GCC_WARN_64_TO_32_BIT_CONVERSION = YES;
				GCC_WARN_ABOUT_RETURN_TYPE = YES_ERROR;
				GCC_WARN_UNDECLARED_SELECTOR = YES;
				GCC_WARN_UNINITIALIZED_AUTOS = YES_AGGRESSIVE;
				GCC_WARN_UNUSED_FUNCTION = YES;
				GCC_WARN_UNUSED_VARIABLE = YES;
				IPHONEOS_DEPLOYMENT_TARGET = 16.4;
				MTL_ENABLE_DEBUG_INFO = NO;
				MTL_FAST_MATH = YES;
				SDKROOT = iphoneos;
				SWIFT_COMPILATION_MODE = wholemodule;
				SWIFT_OPTIMIZATION_LEVEL = "-O";
				VALIDATE_PRODUCT = YES;
			};
			name = Release;
		};
		6EB5DF572B065C350046DD3F /* Debug */ = {
			isa = XCBuildConfiguration;
			baseConfigurationReference = 373861F7A8008F3A65896C98 /* Pods-DELIGHT LABS.debug.xcconfig */;
			buildSettings = {
				ASSETCATALOG_COMPILER_APPICON_NAME = AppIcon;
				ASSETCATALOG_COMPILER_GLOBAL_ACCENT_COLOR_NAME = AccentColor;
				CODE_SIGN_STYLE = Automatic;
				CURRENT_PROJECT_VERSION = 1;
				DEVELOPMENT_TEAM = 3799SNND63;
				GENERATE_INFOPLIST_FILE = YES;
				INFOPLIST_FILE = "DELIGHT LABS/Info.plist";
				INFOPLIST_KEY_UIApplicationSupportsIndirectInputEvents = YES;
				INFOPLIST_KEY_UILaunchStoryboardName = LaunchScreen;
				INFOPLIST_KEY_UISupportedInterfaceOrientations = UIInterfaceOrientationPortrait;
				INFOPLIST_KEY_UISupportedInterfaceOrientations_iPad = "UIInterfaceOrientationLandscapeLeft UIInterfaceOrientationLandscapeRight UIInterfaceOrientationPortrait UIInterfaceOrientationPortraitUpsideDown";
				LD_RUNPATH_SEARCH_PATHS = (
					"$(inherited)",
					"@executable_path/Frameworks",
				);
				MARKETING_VERSION = 1.0;
				PRODUCT_BUNDLE_IDENTIFIER = "SloWax.DELIGHT-LABS";
				PRODUCT_NAME = "$(TARGET_NAME)";
				SWIFT_EMIT_LOC_STRINGS = YES;
				SWIFT_VERSION = 5.0;
				TARGETED_DEVICE_FAMILY = "1,2";
			};
			name = Debug;
		};
		6EB5DF582B065C350046DD3F /* Release */ = {
			isa = XCBuildConfiguration;
			baseConfigurationReference = 4377F6B9A1081D462C4D8C7A /* Pods-DELIGHT LABS.release.xcconfig */;
			buildSettings = {
				ASSETCATALOG_COMPILER_APPICON_NAME = AppIcon;
				ASSETCATALOG_COMPILER_GLOBAL_ACCENT_COLOR_NAME = AccentColor;
				CODE_SIGN_STYLE = Automatic;
				CURRENT_PROJECT_VERSION = 1;
				DEVELOPMENT_TEAM = 3799SNND63;
				GENERATE_INFOPLIST_FILE = YES;
				INFOPLIST_FILE = "DELIGHT LABS/Info.plist";
				INFOPLIST_KEY_UIApplicationSupportsIndirectInputEvents = YES;
				INFOPLIST_KEY_UILaunchStoryboardName = LaunchScreen;
				INFOPLIST_KEY_UISupportedInterfaceOrientations = UIInterfaceOrientationPortrait;
				INFOPLIST_KEY_UISupportedInterfaceOrientations_iPad = "UIInterfaceOrientationLandscapeLeft UIInterfaceOrientationLandscapeRight UIInterfaceOrientationPortrait UIInterfaceOrientationPortraitUpsideDown";
				LD_RUNPATH_SEARCH_PATHS = (
					"$(inherited)",
					"@executable_path/Frameworks",
				);
				MARKETING_VERSION = 1.0;
				PRODUCT_BUNDLE_IDENTIFIER = "SloWax.DELIGHT-LABS";
				PRODUCT_NAME = "$(TARGET_NAME)";
				SWIFT_EMIT_LOC_STRINGS = YES;
				SWIFT_VERSION = 5.0;
				TARGETED_DEVICE_FAMILY = "1,2";
			};
			name = Release;
		};
/* End XCBuildConfiguration section */

/* Begin XCConfigurationList section */
		6EB5DF3D2B065C2F0046DD3F /* Build configuration list for PBXProject "DELIGHT LABS" */ = {
			isa = XCConfigurationList;
			buildConfigurations = (
				6EB5DF542B065C350046DD3F /* Debug */,
				6EB5DF552B065C350046DD3F /* Release */,
			);
			defaultConfigurationIsVisible = 0;
			defaultConfigurationName = Release;
		};
		6EB5DF562B065C350046DD3F /* Build configuration list for PBXNativeTarget "DELIGHT LABS" */ = {
			isa = XCConfigurationList;
			buildConfigurations = (
				6EB5DF572B065C350046DD3F /* Debug */,
				6EB5DF582B065C350046DD3F /* Release */,
			);
			defaultConfigurationIsVisible = 0;
			defaultConfigurationName = Release;
		};
/* End XCConfigurationList section */
	};
	rootObject = 6EB5DF3A2B065C2F0046DD3F /* Project object */;
}
